// !$*UTF8*$!
{
	archiveVersion = 1;
	classes = {
	};
	objectVersion = 54;
	objects = {

/* Begin PBXBuildFile section */
		365195CB264F8B5B00177C71 /* Main.storyboard in Resources */ = {isa = PBXBuildFile; fileRef = 365195C9264F8B5B00177C71 /* Main.storyboard */; };
		365195CD264F8B5C00177C71 /* Assets.xcassets in Resources */ = {isa = PBXBuildFile; fileRef = 365195CC264F8B5C00177C71 /* Assets.xcassets */; };
		365195D0264F8B5C00177C71 /* LaunchScreen.storyboard in Resources */ = {isa = PBXBuildFile; fileRef = 365195CE264F8B5C00177C71 /* LaunchScreen.storyboard */; };
		365195DB264F8B5C00177C71 /* TFYSwiftNavigationControllerTests.swift in Sources */ = {isa = PBXBuildFile; fileRef = 365195DA264F8B5C00177C71 /* TFYSwiftNavigationControllerTests.swift */; };
		365195E6264F8B5C00177C71 /* TFYSwiftNavigationControllerUITests.swift in Sources */ = {isa = PBXBuildFile; fileRef = 365195E5264F8B5C00177C71 /* TFYSwiftNavigationControllerUITests.swift */; };
		3651961B264F8BAB00177C71 /* AppDelegate.swift in Sources */ = {isa = PBXBuildFile; fileRef = 36519609264F8BAB00177C71 /* AppDelegate.swift */; };
		3651961C264F8BAB00177C71 /* SceneDelegate.swift in Sources */ = {isa = PBXBuildFile; fileRef = 3651960A264F8BAB00177C71 /* SceneDelegate.swift */; };
		3666A58E28221B020054F22E /* UIViewControllerr+NavigationBar.swift in Sources */ = {isa = PBXBuildFile; fileRef = 3666A58D28221B020054F22E /* UIViewControllerr+NavigationBar.swift */; };
		3666A59028221BF50054F22E /* TFYSwiftNavigationController.swift in Sources */ = {isa = PBXBuildFile; fileRef = 3666A58F28221BF50054F22E /* TFYSwiftNavigationController.swift */; };
		3666A59228221C1B0054F22E /* TFYSwiftFakeNavigationBar.swift in Sources */ = {isa = PBXBuildFile; fileRef = 3666A59128221C1B0054F22E /* TFYSwiftFakeNavigationBar.swift */; };
		3666A59628221D8A0054F22E /* DemoViewController.swift in Sources */ = {isa = PBXBuildFile; fileRef = 3666A59328221D890054F22E /* DemoViewController.swift */; };
		3666A59728221D8A0054F22E /* ProfileViewController.swift in Sources */ = {isa = PBXBuildFile; fileRef = 3666A59428221D890054F22E /* ProfileViewController.swift */; };
		3666A59828221D8A0054F22E /* BarHiddenViewController.swift in Sources */ = {isa = PBXBuildFile; fileRef = 3666A59528221D890054F22E /* BarHiddenViewController.swift */; };
/* End PBXBuildFile section */

/* Begin PBXContainerItemProxy section */
		365195D7264F8B5C00177C71 /* PBXContainerItemProxy */ = {
			isa = PBXContainerItemProxy;
			containerPortal = 365195B8264F8B5B00177C71 /* Project object */;
			proxyType = 1;
			remoteGlobalIDString = 365195BF264F8B5B00177C71;
			remoteInfo = TFYSwiftNavigationController;
		};
		365195E2264F8B5C00177C71 /* PBXContainerItemProxy */ = {
			isa = PBXContainerItemProxy;
			containerPortal = 365195B8264F8B5B00177C71 /* Project object */;
			proxyType = 1;
			remoteGlobalIDString = 365195BF264F8B5B00177C71;
			remoteInfo = TFYSwiftNavigationController;
		};
/* End PBXContainerItemProxy section */

/* Begin PBXFileReference section */
		365195C0264F8B5B00177C71 /* TFYSwiftNavigationController.app */ = {isa = PBXFileReference; explicitFileType = wrapper.application; includeInIndex = 0; path = TFYSwiftNavigationController.app; sourceTree = BUILT_PRODUCTS_DIR; };
		365195CA264F8B5B00177C71 /* Base */ = {isa = PBXFileReference; lastKnownFileType = file.storyboard; name = Base; path = Base.lproj/Main.storyboard; sourceTree = "<group>"; };
		365195CC264F8B5C00177C71 /* Assets.xcassets */ = {isa = PBXFileReference; lastKnownFileType = folder.assetcatalog; path = Assets.xcassets; sourceTree = "<group>"; };
		365195CF264F8B5C00177C71 /* Base */ = {isa = PBXFileReference; lastKnownFileType = file.storyboard; name = Base; path = Base.lproj/LaunchScreen.storyboard; sourceTree = "<group>"; };
		365195D1264F8B5C00177C71 /* Info.plist */ = {isa = PBXFileReference; lastKnownFileType = text.plist.xml; path = Info.plist; sourceTree = "<group>"; };
		365195D6264F8B5C00177C71 /* TFYSwiftNavigationControllerTests.xctest */ = {isa = PBXFileReference; explicitFileType = wrapper.cfbundle; includeInIndex = 0; path = TFYSwiftNavigationControllerTests.xctest; sourceTree = BUILT_PRODUCTS_DIR; };
		365195DA264F8B5C00177C71 /* TFYSwiftNavigationControllerTests.swift */ = {isa = PBXFileReference; lastKnownFileType = sourcecode.swift; path = TFYSwiftNavigationControllerTests.swift; sourceTree = "<group>"; };
		365195DC264F8B5C00177C71 /* Info.plist */ = {isa = PBXFileReference; lastKnownFileType = text.plist.xml; path = Info.plist; sourceTree = "<group>"; };
		365195E1264F8B5C00177C71 /* TFYSwiftNavigationControllerUITests.xctest */ = {isa = PBXFileReference; explicitFileType = wrapper.cfbundle; includeInIndex = 0; path = TFYSwiftNavigationControllerUITests.xctest; sourceTree = BUILT_PRODUCTS_DIR; };
		365195E5264F8B5C00177C71 /* TFYSwiftNavigationControllerUITests.swift */ = {isa = PBXFileReference; lastKnownFileType = sourcecode.swift; path = TFYSwiftNavigationControllerUITests.swift; sourceTree = "<group>"; };
		365195E7264F8B5C00177C71 /* Info.plist */ = {isa = PBXFileReference; lastKnownFileType = text.plist.xml; path = Info.plist; sourceTree = "<group>"; };
		36519609264F8BAB00177C71 /* AppDelegate.swift */ = {isa = PBXFileReference; fileEncoding = 4; lastKnownFileType = sourcecode.swift; path = AppDelegate.swift; sourceTree = "<group>"; };
		3651960A264F8BAB00177C71 /* SceneDelegate.swift */ = {isa = PBXFileReference; fileEncoding = 4; lastKnownFileType = sourcecode.swift; path = SceneDelegate.swift; sourceTree = "<group>"; };
		3666A58D28221B020054F22E /* UIViewControllerr+NavigationBar.swift */ = {isa = PBXFileReference; lastKnownFileType = sourcecode.swift; path = "UIViewControllerr+NavigationBar.swift"; sourceTree = "<group>"; };
		3666A58F28221BF50054F22E /* TFYSwiftNavigationController.swift */ = {isa = PBXFileReference; lastKnownFileType = sourcecode.swift; path = TFYSwiftNavigationController.swift; sourceTree = "<group>"; };
		3666A59128221C1B0054F22E /* TFYSwiftFakeNavigationBar.swift */ = {isa = PBXFileReference; lastKnownFileType = sourcecode.swift; path = TFYSwiftFakeNavigationBar.swift; sourceTree = "<group>"; };
		3666A59328221D890054F22E /* DemoViewController.swift */ = {isa = PBXFileReference; fileEncoding = 4; lastKnownFileType = sourcecode.swift; path = DemoViewController.swift; sourceTree = "<group>"; };
		3666A59428221D890054F22E /* ProfileViewController.swift */ = {isa = PBXFileReference; fileEncoding = 4; lastKnownFileType = sourcecode.swift; path = ProfileViewController.swift; sourceTree = "<group>"; };
		3666A59528221D890054F22E /* BarHiddenViewController.swift */ = {isa = PBXFileReference; fileEncoding = 4; lastKnownFileType = sourcecode.swift; path = BarHiddenViewController.swift; sourceTree = "<group>"; };
/* End PBXFileReference section */

/* Begin PBXFrameworksBuildPhase section */
		365195BD264F8B5B00177C71 /* Frameworks */ = {
			isa = PBXFrameworksBuildPhase;
			buildActionMask = 2147483647;
			files = (
			);
			runOnlyForDeploymentPostprocessing = 0;
		};
		365195D3264F8B5C00177C71 /* Frameworks */ = {
			isa = PBXFrameworksBuildPhase;
			buildActionMask = 2147483647;
			files = (
			);
			runOnlyForDeploymentPostprocessing = 0;
		};
		365195DE264F8B5C00177C71 /* Frameworks */ = {
			isa = PBXFrameworksBuildPhase;
			buildActionMask = 2147483647;
			files = (
			);
			runOnlyForDeploymentPostprocessing = 0;
		};
/* End PBXFrameworksBuildPhase section */

/* Begin PBXGroup section */
		365195B7264F8B5B00177C71 = {
			isa = PBXGroup;
			children = (
				365195C2264F8B5B00177C71 /* TFYSwiftNavigationController */,
				365195D9264F8B5C00177C71 /* TFYSwiftNavigationControllerTests */,
				365195E4264F8B5C00177C71 /* TFYSwiftNavigationControllerUITests */,
				365195C1264F8B5B00177C71 /* Products */,
			);
			sourceTree = "<group>";
		};
		365195C1264F8B5B00177C71 /* Products */ = {
			isa = PBXGroup;
			children = (
				365195C0264F8B5B00177C71 /* TFYSwiftNavigationController.app */,
				365195D6264F8B5C00177C71 /* TFYSwiftNavigationControllerTests.xctest */,
				365195E1264F8B5C00177C71 /* TFYSwiftNavigationControllerUITests.xctest */,
			);
			name = Products;
			sourceTree = "<group>";
		};
		365195C2264F8B5B00177C71 /* TFYSwiftNavigationController */ = {
			isa = PBXGroup;
			children = (
				36519608264F8BAB00177C71 /* AppDelegate */,
				36519602264F8BAB00177C71 /* Class */,
				365195F3264F8BAB00177C71 /* TFYSwiftNavigationKit */,
				365195C9264F8B5B00177C71 /* Main.storyboard */,
				365195CC264F8B5C00177C71 /* Assets.xcassets */,
				365195CE264F8B5C00177C71 /* LaunchScreen.storyboard */,
				365195D1264F8B5C00177C71 /* Info.plist */,
			);
			path = TFYSwiftNavigationController;
			sourceTree = "<group>";
		};
		365195D9264F8B5C00177C71 /* TFYSwiftNavigationControllerTests */ = {
			isa = PBXGroup;
			children = (
				365195DA264F8B5C00177C71 /* TFYSwiftNavigationControllerTests.swift */,
				365195DC264F8B5C00177C71 /* Info.plist */,
			);
			path = TFYSwiftNavigationControllerTests;
			sourceTree = "<group>";
		};
		365195E4264F8B5C00177C71 /* TFYSwiftNavigationControllerUITests */ = {
			isa = PBXGroup;
			children = (
				365195E5264F8B5C00177C71 /* TFYSwiftNavigationControllerUITests.swift */,
				365195E7264F8B5C00177C71 /* Info.plist */,
			);
			path = TFYSwiftNavigationControllerUITests;
			sourceTree = "<group>";
		};
		365195F3264F8BAB00177C71 /* TFYSwiftNavigationKit */ = {
			isa = PBXGroup;
			children = (
				3666A58D28221B020054F22E /* UIViewControllerr+NavigationBar.swift */,
				3666A58F28221BF50054F22E /* TFYSwiftNavigationController.swift */,
				3666A59128221C1B0054F22E /* TFYSwiftFakeNavigationBar.swift */,
			);
			path = TFYSwiftNavigationKit;
			sourceTree = "<group>";
		};
		36519602264F8BAB00177C71 /* Class */ = {
			isa = PBXGroup;
			children = (
				3666A59528221D890054F22E /* BarHiddenViewController.swift */,
				3666A59328221D890054F22E /* DemoViewController.swift */,
				3666A59428221D890054F22E /* ProfileViewController.swift */,
			);
			path = Class;
			sourceTree = "<group>";
		};
		36519608264F8BAB00177C71 /* AppDelegate */ = {
			isa = PBXGroup;
			children = (
				36519609264F8BAB00177C71 /* AppDelegate.swift */,
				3651960A264F8BAB00177C71 /* SceneDelegate.swift */,
			);
			path = AppDelegate;
			sourceTree = "<group>";
		};
/* End PBXGroup section */

/* Begin PBXNativeTarget section */
		365195BF264F8B5B00177C71 /* TFYSwiftNavigationController */ = {
			isa = PBXNativeTarget;
			buildConfigurationList = 365195EA264F8B5C00177C71 /* Build configuration list for PBXNativeTarget "TFYSwiftNavigationController" */;
			buildPhases = (
				365195BC264F8B5B00177C71 /* Sources */,
				365195BD264F8B5B00177C71 /* Frameworks */,
				365195BE264F8B5B00177C71 /* Resources */,
			);
			buildRules = (
			);
			dependencies = (
			);
			name = TFYSwiftNavigationController;
			productName = TFYSwiftNavigationController;
			productReference = 365195C0264F8B5B00177C71 /* TFYSwiftNavigationController.app */;
			productType = "com.apple.product-type.application";
		};
		365195D5264F8B5C00177C71 /* TFYSwiftNavigationControllerTests */ = {
			isa = PBXNativeTarget;
			buildConfigurationList = 365195ED264F8B5C00177C71 /* Build configuration list for PBXNativeTarget "TFYSwiftNavigationControllerTests" */;
			buildPhases = (
				365195D2264F8B5C00177C71 /* Sources */,
				365195D3264F8B5C00177C71 /* Frameworks */,
				365195D4264F8B5C00177C71 /* Resources */,
			);
			buildRules = (
			);
			dependencies = (
				365195D8264F8B5C00177C71 /* PBXTargetDependency */,
			);
			name = TFYSwiftNavigationControllerTests;
			productName = TFYSwiftNavigationControllerTests;
			productReference = 365195D6264F8B5C00177C71 /* TFYSwiftNavigationControllerTests.xctest */;
			productType = "com.apple.product-type.bundle.unit-test";
		};
		365195E0264F8B5C00177C71 /* TFYSwiftNavigationControllerUITests */ = {
			isa = PBXNativeTarget;
			buildConfigurationList = 365195F0264F8B5C00177C71 /* Build configuration list for PBXNativeTarget "TFYSwiftNavigationControllerUITests" */;
			buildPhases = (
				365195DD264F8B5C00177C71 /* Sources */,
				365195DE264F8B5C00177C71 /* Frameworks */,
				365195DF264F8B5C00177C71 /* Resources */,
			);
			buildRules = (
			);
			dependencies = (
				365195E3264F8B5C00177C71 /* PBXTargetDependency */,
			);
			name = TFYSwiftNavigationControllerUITests;
			productName = TFYSwiftNavigationControllerUITests;
			productReference = 365195E1264F8B5C00177C71 /* TFYSwiftNavigationControllerUITests.xctest */;
			productType = "com.apple.product-type.bundle.ui-testing";
		};
/* End PBXNativeTarget section */

/* Begin PBXProject section */
		365195B8264F8B5B00177C71 /* Project object */ = {
			isa = PBXProject;
			attributes = {
				BuildIndependentTargetsInParallel = YES;
				LastSwiftUpdateCheck = 1250;
				LastUpgradeCheck = 1600;
				TargetAttributes = {
					365195BF264F8B5B00177C71 = {
						CreatedOnToolsVersion = 12.5;
					};
					365195D5264F8B5C00177C71 = {
						CreatedOnToolsVersion = 12.5;
						TestTargetID = 365195BF264F8B5B00177C71;
					};
					365195E0264F8B5C00177C71 = {
						CreatedOnToolsVersion = 12.5;
						TestTargetID = 365195BF264F8B5B00177C71;
					};
				};
			};
			buildConfigurationList = 365195BB264F8B5B00177C71 /* Build configuration list for PBXProject "TFYSwiftNavigationController" */;
			compatibilityVersion = "Xcode 9.3";
			developmentRegion = en;
			hasScannedForEncodings = 0;
			knownRegions = (
				en,
				Base,
			);
			mainGroup = 365195B7264F8B5B00177C71;
			productRefGroup = 365195C1264F8B5B00177C71 /* Products */;
			projectDirPath = "";
			projectRoot = "";
			targets = (
				365195BF264F8B5B00177C71 /* TFYSwiftNavigationController */,
				365195D5264F8B5C00177C71 /* TFYSwiftNavigationControllerTests */,
				365195E0264F8B5C00177C71 /* TFYSwiftNavigationControllerUITests */,
			);
		};
/* End PBXProject section */

/* Begin PBXResourcesBuildPhase section */
		365195BE264F8B5B00177C71 /* Resources */ = {
			isa = PBXResourcesBuildPhase;
			buildActionMask = 2147483647;
			files = (
				365195D0264F8B5C00177C71 /* LaunchScreen.storyboard in Resources */,
				365195CD264F8B5C00177C71 /* Assets.xcassets in Resources */,
				365195CB264F8B5B00177C71 /* Main.storyboard in Resources */,
			);
			runOnlyForDeploymentPostprocessing = 0;
		};
		365195D4264F8B5C00177C71 /* Resources */ = {
			isa = PBXResourcesBuildPhase;
			buildActionMask = 2147483647;
			files = (
			);
			runOnlyForDeploymentPostprocessing = 0;
		};
		365195DF264F8B5C00177C71 /* Resources */ = {
			isa = PBXResourcesBuildPhase;
			buildActionMask = 2147483647;
			files = (
			);
			runOnlyForDeploymentPostprocessing = 0;
		};
/* End PBXResourcesBuildPhase section */

/* Begin PBXSourcesBuildPhase section */
		365195BC264F8B5B00177C71 /* Sources */ = {
			isa = PBXSourcesBuildPhase;
			buildActionMask = 2147483647;
			files = (
				3651961B264F8BAB00177C71 /* AppDelegate.swift in Sources */,
				3666A59228221C1B0054F22E /* TFYSwiftFakeNavigationBar.swift in Sources */,
				3651961C264F8BAB00177C71 /* SceneDelegate.swift in Sources */,
				3666A59628221D8A0054F22E /* DemoViewController.swift in Sources */,
				3666A59028221BF50054F22E /* TFYSwiftNavigationController.swift in Sources */,
				3666A59728221D8A0054F22E /* ProfileViewController.swift in Sources */,
				3666A58E28221B020054F22E /* UIViewControllerr+NavigationBar.swift in Sources */,
				3666A59828221D8A0054F22E /* BarHiddenViewController.swift in Sources */,
			);
			runOnlyForDeploymentPostprocessing = 0;
		};
		365195D2264F8B5C00177C71 /* Sources */ = {
			isa = PBXSourcesBuildPhase;
			buildActionMask = 2147483647;
			files = (
				365195DB264F8B5C00177C71 /* TFYSwiftNavigationControllerTests.swift in Sources */,
			);
			runOnlyForDeploymentPostprocessing = 0;
		};
		365195DD264F8B5C00177C71 /* Sources */ = {
			isa = PBXSourcesBuildPhase;
			buildActionMask = 2147483647;
			files = (
				365195E6264F8B5C00177C71 /* TFYSwiftNavigationControllerUITests.swift in Sources */,
			);
			runOnlyForDeploymentPostprocessing = 0;
		};
/* End PBXSourcesBuildPhase section */

/* Begin PBXTargetDependency section */
		365195D8264F8B5C00177C71 /* PBXTargetDependency */ = {
			isa = PBXTargetDependency;
			target = 365195BF264F8B5B00177C71 /* TFYSwiftNavigationController */;
			targetProxy = 365195D7264F8B5C00177C71 /* PBXContainerItemProxy */;
		};
		365195E3264F8B5C00177C71 /* PBXTargetDependency */ = {
			isa = PBXTargetDependency;
			target = 365195BF264F8B5B00177C71 /* TFYSwiftNavigationController */;
			targetProxy = 365195E2264F8B5C00177C71 /* PBXContainerItemProxy */;
		};
/* End PBXTargetDependency section */

/* Begin PBXVariantGroup section */
		365195C9264F8B5B00177C71 /* Main.storyboard */ = {
			isa = PBXVariantGroup;
			children = (
				365195CA264F8B5B00177C71 /* Base */,
			);
			name = Main.storyboard;
			sourceTree = "<group>";
		};
		365195CE264F8B5C00177C71 /* LaunchScreen.storyboard */ = {
			isa = PBXVariantGroup;
			children = (
				365195CF264F8B5C00177C71 /* Base */,
			);
			name = LaunchScreen.storyboard;
			sourceTree = "<group>";
		};
/* End PBXVariantGroup section */

/* Begin XCBuildConfiguration section */
		365195E8264F8B5C00177C71 /* Debug */ = {
			isa = XCBuildConfiguration;
			buildSettings = {
				ALWAYS_SEARCH_USER_PATHS = NO;
				ASSETCATALOG_COMPILER_GENERATE_SWIFT_ASSET_SYMBOL_EXTENSIONS = YES;
				CLANG_ANALYZER_NONNULL = YES;
				CLANG_ANALYZER_NUMBER_OBJECT_CONVERSION = YES_AGGRESSIVE;
				CLANG_CXX_LANGUAGE_STANDARD = "gnu++14";
				CLANG_CXX_LIBRARY = "libc++";
				CLANG_ENABLE_MODULES = YES;
				CLANG_ENABLE_OBJC_ARC = YES;
				CLANG_ENABLE_OBJC_WEAK = YES;
				CLANG_WARN_BLOCK_CAPTURE_AUTORELEASING = YES;
				CLANG_WARN_BOOL_CONVERSION = YES;
				CLANG_WARN_COMMA = YES;
				CLANG_WARN_CONSTANT_CONVERSION = YES;
				CLANG_WARN_DEPRECATED_OBJC_IMPLEMENTATIONS = YES;
				CLANG_WARN_DIRECT_OBJC_ISA_USAGE = YES_ERROR;
				CLANG_WARN_DOCUMENTATION_COMMENTS = YES;
				CLANG_WARN_EMPTY_BODY = YES;
				CLANG_WARN_ENUM_CONVERSION = YES;
				CLANG_WARN_INFINITE_RECURSION = YES;
				CLANG_WARN_INT_CONVERSION = YES;
				CLANG_WARN_NON_LITERAL_NULL_CONVERSION = YES;
				CLANG_WARN_OBJC_IMPLICIT_RETAIN_SELF = YES;
				CLANG_WARN_OBJC_LITERAL_CONVERSION = YES;
				CLANG_WARN_OBJC_ROOT_CLASS = YES_ERROR;
				CLANG_WARN_QUOTED_INCLUDE_IN_FRAMEWORK_HEADER = YES;
				CLANG_WARN_RANGE_LOOP_ANALYSIS = YES;
				CLANG_WARN_STRICT_PROTOTYPES = YES;
				CLANG_WARN_SUSPICIOUS_MOVE = YES;
				CLANG_WARN_UNGUARDED_AVAILABILITY = YES_AGGRESSIVE;
				CLANG_WARN_UNREACHABLE_CODE = YES;
				CLANG_WARN__DUPLICATE_METHOD_MATCH = YES;
				COPY_PHASE_STRIP = NO;
				DEBUG_INFORMATION_FORMAT = dwarf;
				ENABLE_STRICT_OBJC_MSGSEND = YES;
				ENABLE_TESTABILITY = YES;
				ENABLE_USER_SCRIPT_SANDBOXING = YES;
				GCC_C_LANGUAGE_STANDARD = gnu11;
				GCC_DYNAMIC_NO_PIC = NO;
				GCC_NO_COMMON_BLOCKS = YES;
				GCC_OPTIMIZATION_LEVEL = 0;
				GCC_PREPROCESSOR_DEFINITIONS = (
					"DEBUG=1",
					"$(inherited)",
				);
				GCC_WARN_64_TO_32_BIT_CONVERSION = YES;
				GCC_WARN_ABOUT_RETURN_TYPE = YES_ERROR;
				GCC_WARN_UNDECLARED_SELECTOR = YES;
				GCC_WARN_UNINITIALIZED_AUTOS = YES_AGGRESSIVE;
				GCC_WARN_UNUSED_FUNCTION = YES;
				GCC_WARN_UNUSED_VARIABLE = YES;
				IPHONEOS_DEPLOYMENT_TARGET = 17.4;
				MTL_ENABLE_DEBUG_INFO = INCLUDE_SOURCE;
				MTL_FAST_MATH = YES;
				ONLY_ACTIVE_ARCH = YES;
				SDKROOT = iphoneos;
				SWIFT_ACTIVE_COMPILATION_CONDITIONS = DEBUG;
				SWIFT_OPTIMIZATION_LEVEL = "-Onone";
			};
			name = Debug;
		};
		365195E9264F8B5C00177C71 /* Release */ = {
			isa = XCBuildConfiguration;
			buildSettings = {
				ALWAYS_SEARCH_USER_PATHS = NO;
				ASSETCATALOG_COMPILER_GENERATE_SWIFT_ASSET_SYMBOL_EXTENSIONS = YES;
				CLANG_ANALYZER_NONNULL = YES;
				CLANG_ANALYZER_NUMBER_OBJECT_CONVERSION = YES_AGGRESSIVE;
				CLANG_CXX_LANGUAGE_STANDARD = "gnu++14";
				CLANG_CXX_LIBRARY = "libc++";
				CLANG_ENABLE_MODULES = YES;
				CLANG_ENABLE_OBJC_ARC = YES;
				CLANG_ENABLE_OBJC_WEAK = YES;
				CLANG_WARN_BLOCK_CAPTURE_AUTORELEASING = YES;
				CLANG_WARN_BOOL_CONVERSION = YES;
				CLANG_WARN_COMMA = YES;
				CLANG_WARN_CONSTANT_CONVERSION = YES;
				CLANG_WARN_DEPRECATED_OBJC_IMPLEMENTATIONS = YES;
				CLANG_WARN_DIRECT_OBJC_ISA_USAGE = YES_ERROR;
				CLANG_WARN_DOCUMENTATION_COMMENTS = YES;
				CLANG_WARN_EMPTY_BODY = YES;
				CLANG_WARN_ENUM_CONVERSION = YES;
				CLANG_WARN_INFINITE_RECURSION = YES;
				CLANG_WARN_INT_CONVERSION = YES;
				CLANG_WARN_NON_LITERAL_NULL_CONVERSION = YES;
				CLANG_WARN_OBJC_IMPLICIT_RETAIN_SELF = YES;
				CLANG_WARN_OBJC_LITERAL_CONVERSION = YES;
				CLANG_WARN_OBJC_ROOT_CLASS = YES_ERROR;
				CLANG_WARN_QUOTED_INCLUDE_IN_FRAMEWORK_HEADER = YES;
				CLANG_WARN_RANGE_LOOP_ANALYSIS = YES;
				CLANG_WARN_STRICT_PROTOTYPES = YES;
				CLANG_WARN_SUSPICIOUS_MOVE = YES;
				CLANG_WARN_UNGUARDED_AVAILABILITY = YES_AGGRESSIVE;
				CLANG_WARN_UNREACHABLE_CODE = YES;
				CLANG_WARN__DUPLICATE_METHOD_MATCH = YES;
				COPY_PHASE_STRIP = NO;
				DEBUG_INFORMATION_FORMAT = "dwarf-with-dsym";
				ENABLE_NS_ASSERTIONS = NO;
				ENABLE_STRICT_OBJC_MSGSEND = YES;
				ENABLE_USER_SCRIPT_SANDBOXING = YES;
				GCC_C_LANGUAGE_STANDARD = gnu11;
				GCC_NO_COMMON_BLOCKS = YES;
				GCC_WARN_64_TO_32_BIT_CONVERSION = YES;
				GCC_WARN_ABOUT_RETURN_TYPE = YES_ERROR;
				GCC_WARN_UNDECLARED_SELECTOR = YES;
				GCC_WARN_UNINITIALIZED_AUTOS = YES_AGGRESSIVE;
				GCC_WARN_UNUSED_FUNCTION = YES;
				GCC_WARN_UNUSED_VARIABLE = YES;
				IPHONEOS_DEPLOYMENT_TARGET = 17.4;
				MTL_ENABLE_DEBUG_INFO = NO;
				MTL_FAST_MATH = YES;
				SDKROOT = iphoneos;
				SWIFT_COMPILATION_MODE = wholemodule;
				SWIFT_OPTIMIZATION_LEVEL = "-O";
				VALIDATE_PRODUCT = YES;
			};
			name = Release;
		};
		365195EB264F8B5C00177C71 /* Debug */ = {
			isa = XCBuildConfiguration;
			buildSettings = {
				ASSETCATALOG_COMPILER_APPICON_NAME = AppIcon;
				ASSETCATALOG_COMPILER_GLOBAL_ACCENT_COLOR_NAME = AccentColor;
				CODE_SIGN_STYLE = Automatic;
				DEVELOPMENT_TEAM = QH95759TSS;
				INFOPLIST_FILE = TFYSwiftNavigationController/Info.plist;
				IPHONEOS_DEPLOYMENT_TARGET = 15.6;
				LD_RUNPATH_SEARCH_PATHS = (
					"$(inherited)",
					"@executable_path/Frameworks",
				);
				PRODUCT_BUNDLE_IDENTIFIER = com.tfy.TFYSwiftNavigationController;
				PRODUCT_NAME = "$(TARGET_NAME)";
				SWIFT_VERSION = 5.0;
				TARGETED_DEVICE_FAMILY = "1,2";
			};
			name = Debug;
		};
		365195EC264F8B5C00177C71 /* Release */ = {
			isa = XCBuildConfiguration;
			buildSettings = {
				ASSETCATALOG_COMPILER_APPICON_NAME = AppIcon;
				ASSETCATALOG_COMPILER_GLOBAL_ACCENT_COLOR_NAME = AccentColor;
				CODE_SIGN_STYLE = Automatic;
				DEVELOPMENT_TEAM = QH95759TSS;
				INFOPLIST_FILE = TFYSwiftNavigationController/Info.plist;
				IPHONEOS_DEPLOYMENT_TARGET = 15.6;
				LD_RUNPATH_SEARCH_PATHS = (
					"$(inherited)",
					"@executable_path/Frameworks",
				);
				PRODUCT_BUNDLE_IDENTIFIER = com.tfy.TFYSwiftNavigationController;
				PRODUCT_NAME = "$(TARGET_NAME)";
				SWIFT_VERSION = 5.0;
				TARGETED_DEVICE_FAMILY = "1,2";
			};
			name = Release;
		};
		365195EE264F8B5C00177C71 /* Debug */ = {
			isa = XCBuildConfiguration;
			buildSettings = {
				BUNDLE_LOADER = "$(TEST_HOST)";
				CODE_SIGN_STYLE = Automatic;
				DEVELOPMENT_TEAM = QH95759TSS;
				INFOPLIST_FILE = TFYSwiftNavigationControllerTests/Info.plist;
				IPHONEOS_DEPLOYMENT_TARGET = 15.6;
				LD_RUNPATH_SEARCH_PATHS = (
					"$(inherited)",
					"@executable_path/Frameworks",
					"@loader_path/Frameworks",
				);
				PRODUCT_BUNDLE_IDENTIFIER = com.tfy.TFYSwiftNavigationControllerTests;
				PRODUCT_NAME = "$(TARGET_NAME)";
				SWIFT_VERSION = 5.0;
				TARGETED_DEVICE_FAMILY = "1,2";
				TEST_HOST = "$(BUILT_PRODUCTS_DIR)/TFYSwiftNavigationController.app/TFYSwiftNavigationController";
			};
			name = Debug;
		};
		365195EF264F8B5C00177C71 /* Release */ = {
			isa = XCBuildConfiguration;
			buildSettings = {
				BUNDLE_LOADER = "$(TEST_HOST)";
				CODE_SIGN_STYLE = Automatic;
				DEVELOPMENT_TEAM = QH95759TSS;
				INFOPLIST_FILE = TFYSwiftNavigationControllerTests/Info.plist;
				IPHONEOS_DEPLOYMENT_TARGET = 15.6;
				LD_RUNPATH_SEARCH_PATHS = (
					"$(inherited)",
					"@executable_path/Frameworks",
					"@loader_path/Frameworks",
				);
				PRODUCT_BUNDLE_IDENTIFIER = com.tfy.TFYSwiftNavigationControllerTests;
				PRODUCT_NAME = "$(TARGET_NAME)";
				SWIFT_VERSION = 5.0;
				TARGETED_DEVICE_FAMILY = "1,2";
				TEST_HOST = "$(BUILT_PRODUCTS_DIR)/TFYSwiftNavigationController.app/TFYSwiftNavigationController";
			};
			name = Release;
		};
		365195F1264F8B5C00177C71 /* Debug */ = {
			isa = XCBuildConfiguration;
			buildSettings = {
				CODE_SIGN_STYLE = Automatic;
				DEVELOPMENT_TEAM = QH95759TSS;
				INFOPLIST_FILE = TFYSwiftNavigationControllerUITests/Info.plist;
				LD_RUNPATH_SEARCH_PATHS = (
					"$(inherited)",
					"@executable_path/Frameworks",
					"@loader_path/Frameworks",
				);
				PRODUCT_BUNDLE_IDENTIFIER = com.tfy.TFYSwiftNavigationControllerUITests;
				PRODUCT_NAME = "$(TARGET_NAME)";
				SWIFT_VERSION = 5.0;
				TARGETED_DEVICE_FAMILY = "1,2";
				TEST_TARGET_NAME = TFYSwiftNavigationController;
			};
			name = Debug;
		};
		365195F2264F8B5C00177C71 /* Release */ = {
			isa = XCBuildConfiguration;
			buildSettings = {
				CODE_SIGN_STYLE = Automatic;
				DEVELOPMENT_TEAM = QH95759TSS;
				INFOPLIST_FILE = TFYSwiftNavigationControllerUITests/Info.plist;
				LD_RUNPATH_SEARCH_PATHS = (
					"$(inherited)",
					"@executable_path/Frameworks",
					"@loader_path/Frameworks",
				);
				PRODUCT_BUNDLE_IDENTIFIER = com.tfy.TFYSwiftNavigationControllerUITests;
				PRODUCT_NAME = "$(TARGET_NAME)";
				SWIFT_VERSION = 5.0;
				TARGETED_DEVICE_FAMILY = "1,2";
				TEST_TARGET_NAME = TFYSwiftNavigationController;
			};
			name = Release;
		};
/* End XCBuildConfiguration section */

/* Begin XCConfigurationList section */
		365195BB264F8B5B00177C71 /* Build configuration list for PBXProject "TFYSwiftNavigationController" */ = {
			isa = XCConfigurationList;
			buildConfigurations = (
				365195E8264F8B5C00177C71 /* Debug */,
				365195E9264F8B5C00177C71 /* Release */,
			);
			defaultConfigurationIsVisible = 0;
			defaultConfigurationName = Release;
		};
		365195EA264F8B5C00177C71 /* Build configuration list for PBXNativeTarget "TFYSwiftNavigationController" */ = {
			isa = XCConfigurationList;
			buildConfigurations = (
				365195EB264F8B5C00177C71 /* Debug */,
				365195EC264F8B5C00177C71 /* Release */,
			);
			defaultConfigurationIsVisible = 0;
			defaultConfigurationName = Release;
		};
		365195ED264F8B5C00177C71 /* Build configuration list for PBXNativeTarget "TFYSwiftNavigationControllerTests" */ = {
			isa = XCConfigurationList;
			buildConfigurations = (
				365195EE264F8B5C00177C71 /* Debug */,
				365195EF264F8B5C00177C71 /* Release */,
			);
			defaultConfigurationIsVisible = 0;
			defaultConfigurationName = Release;
		};
		365195F0264F8B5C00177C71 /* Build configuration list for PBXNativeTarget "TFYSwiftNavigationControllerUITests" */ = {
			isa = XCConfigurationList;
			buildConfigurations = (
				365195F1264F8B5C00177C71 /* Debug */,
				365195F2264F8B5C00177C71 /* Release */,
			);
			defaultConfigurationIsVisible = 0;
			defaultConfigurationName = Release;
		};
/* End XCConfigurationList section */
	};
	rootObject = 365195B8264F8B5B00177C71 /* Project object */;
}
