// !$*UTF8*$!
{
	archiveVersion = 1;
	classes = {
	};
	objectVersion = 54;
	objects = {

/* Begin PBXBuildFile section */
		365195CD264F8B5C00177C71 /* Assets.xcassets in Resources */ = {isa = PBXBuildFile; fileRef = 365195CC264F8B5C00177C71 /* Assets.xcassets */; };
		365195D0264F8B5C00177C71 /* LaunchScreen.storyboard in Resources */ = {isa = PBXBuildFile; fileRef = 365195CE264F8B5C00177C71 /* LaunchScreen.storyboard */; };
		3651961B264F8BAB00177C71 /* AppDelegate.swift in Sources */ = {isa = PBXBuildFile; fileRef = 36519609264F8BAB00177C71 /* AppDelegate.swift */; };
		3651961C264F8BAB00177C71 /* SceneDelegate.swift in Sources */ = {isa = PBXBuildFile; fileRef = 3651960A264F8BAB00177C71 /* SceneDelegate.swift */; };
		3666A59028221BF50054F22E /* TFYSwiftNavigationController.swift in Sources */ = {isa = PBXBuildFile; fileRef = 3666A58F28221BF50054F22E /* TFYSwiftNavigationController.swift */; };
		3D68BAE12D5DB60300A244A7 /* TFYSwiftTaBbarController.swift in Sources */ = {isa = PBXBuildFile; fileRef = 3D68BAE02D5DB60300A244A7 /* TFYSwiftTaBbarController.swift */; };
		3D68BAE32D5DB62600A244A7 /* TFYSwiftOneViewController.swift in Sources */ = {isa = PBXBuildFile; fileRef = 3D68BAE22D5DB62600A244A7 /* TFYSwiftOneViewController.swift */; };
		3D68BAE52D5DB63300A244A7 /* TFYSwiftTwoViewController.swift in Sources */ = {isa = PBXBuildFile; fileRef = 3D68BAE42D5DB63300A244A7 /* TFYSwiftTwoViewController.swift */; };
		3D68BAE72D5DB64800A244A7 /* TFYSwiftTherrViewController.swift in Sources */ = {isa = PBXBuildFile; fileRef = 3D68BAE62D5DB64800A244A7 /* TFYSwiftTherrViewController.swift */; };
		3D68BAE92D5DCB2F00A244A7 /* TFYSwiftFourViewController.swift in Sources */ = {isa = PBXBuildFile; fileRef = 3D68BAE82D5DCB2F00A244A7 /* TFYSwiftFourViewController.swift */; };
		3D68BB192D5DE9A100A244A7 /* TFYSwiftNavigationBar.swift in Sources */ = {isa = PBXBuildFile; fileRef = 3D68BB182D5DE9A100A244A7 /* TFYSwiftNavigationBar.swift */; };
		3D68BB1B2D5DEA7C00A244A7 /* TFYSwiftUIViewController.swift in Sources */ = {isa = PBXBuildFile; fileRef = 3D68BB1A2D5DEA7C00A244A7 /* TFYSwiftUIViewController.swift */; };
		3D68BB1D2D5DF31900A244A7 /* TFYSwiftFiveViewController.swift in Sources */ = {isa = PBXBuildFile; fileRef = 3D68BB1C2D5DF31900A244A7 /* TFYSwiftFiveViewController.swift */; };
		3D68BB1F2D5DF32700A244A7 /* TFYSwiftSexViewController.swift in Sources */ = {isa = PBXBuildFile; fileRef = 3D68BB1E2D5DF32700A244A7 /* TFYSwiftSexViewController.swift */; };
		3D68BB212D5DF35600A244A7 /* TFYSwiftSevenViewController.swift in Sources */ = {isa = PBXBuildFile; fileRef = 3D68BB202D5DF35600A244A7 /* TFYSwiftSevenViewController.swift */; };
		3D68BB232D5DF36B00A244A7 /* TFYSwiftEightViewController.swift in Sources */ = {isa = PBXBuildFile; fileRef = 3D68BB222D5DF36B00A244A7 /* TFYSwiftEightViewController.swift */; };
		3D68BB252D5DF38400A244A7 /* TFYSwiftNineViewController.swift in Sources */ = {isa = PBXBuildFile; fileRef = 3D68BB242D5DF38400A244A7 /* TFYSwiftNineViewController.swift */; };
		3D68BB272D5DF39E00A244A7 /* TFYSwiftTenViewController.swift in Sources */ = {isa = PBXBuildFile; fileRef = 3D68BB262D5DF39E00A244A7 /* TFYSwiftTenViewController.swift */; };
		3D68BB292D5DF44B00A244A7 /* TFYSwiftElevenViewController.swift in Sources */ = {isa = PBXBuildFile; fileRef = 3D68BB282D5DF44B00A244A7 /* TFYSwiftElevenViewController.swift */; };
		84CB84542E3C5443005B1152 /* TFYSwiftNavigationConfig.swift in Sources */ = {isa = PBXBuildFile; fileRef = 84CB84532E3C5443005B1152 /* TFYSwiftNavigationConfig.swift */; };
/* End PBXBuildFile section */

/* Begin PBXFileReference section */
		365195C0264F8B5B00177C71 /* TFYSwiftNavigationController.app */ = {isa = PBXFileReference; explicitFileType = wrapper.application; includeInIndex = 0; path = TFYSwiftNavigationController.app; sourceTree = BUILT_PRODUCTS_DIR; };
		365195CC264F8B5C00177C71 /* Assets.xcassets */ = {isa = PBXFileReference; lastKnownFileType = folder.assetcatalog; path = Assets.xcassets; sourceTree = "<group>"; };
		365195CF264F8B5C00177C71 /* Base */ = {isa = PBXFileReference; lastKnownFileType = file.storyboard; name = Base; path = Base.lproj/LaunchScreen.storyboard; sourceTree = "<group>"; };
		365195D1264F8B5C00177C71 /* Info.plist */ = {isa = PBXFileReference; lastKnownFileType = text.plist.xml; path = Info.plist; sourceTree = "<group>"; };
		36519609264F8BAB00177C71 /* AppDelegate.swift */ = {isa = PBXFileReference; fileEncoding = 4; lastKnownFileType = sourcecode.swift; path = AppDelegate.swift; sourceTree = "<group>"; };
		3651960A264F8BAB00177C71 /* SceneDelegate.swift */ = {isa = PBXFileReference; fileEncoding = 4; lastKnownFileType = sourcecode.swift; path = SceneDelegate.swift; sourceTree = "<group>"; };
		3666A58F28221BF50054F22E /* TFYSwiftNavigationController.swift */ = {isa = PBXFileReference; lastKnownFileType = sourcecode.swift; path = TFYSwiftNavigationController.swift; sourceTree = "<group>"; };
		3D68BAE02D5DB60300A244A7 /* TFYSwiftTaBbarController.swift */ = {isa = PBXFileReference; lastKnownFileType = sourcecode.swift; path = TFYSwiftTaBbarController.swift; sourceTree = "<group>"; };
		3D68BAE22D5DB62600A244A7 /* TFYSwiftOneViewController.swift */ = {isa = PBXFileReference; lastKnownFileType = sourcecode.swift; path = TFYSwiftOneViewController.swift; sourceTree = "<group>"; };
		3D68BAE42D5DB63300A244A7 /* TFYSwiftTwoViewController.swift */ = {isa = PBXFileReference; lastKnownFileType = sourcecode.swift; path = TFYSwiftTwoViewController.swift; sourceTree = "<group>"; };
		3D68BAE62D5DB64800A244A7 /* TFYSwiftTherrViewController.swift */ = {isa = PBXFileReference; lastKnownFileType = sourcecode.swift; path = TFYSwiftTherrViewController.swift; sourceTree = "<group>"; };
		3D68BAE82D5DCB2F00A244A7 /* TFYSwiftFourViewController.swift */ = {isa = PBXFileReference; lastKnownFileType = sourcecode.swift; path = TFYSwiftFourViewController.swift; sourceTree = "<group>"; };
		3D68BB182D5DE9A100A244A7 /* TFYSwiftNavigationBar.swift */ = {isa = PBXFileReference; lastKnownFileType = sourcecode.swift; path = TFYSwiftNavigationBar.swift; sourceTree = "<group>"; };
		3D68BB1A2D5DEA7C00A244A7 /* TFYSwiftUIViewController.swift */ = {isa = PBXFileReference; lastKnownFileType = sourcecode.swift; path = TFYSwiftUIViewController.swift; sourceTree = "<group>"; };
		3D68BB1C2D5DF31900A244A7 /* TFYSwiftFiveViewController.swift */ = {isa = PBXFileReference; lastKnownFileType = sourcecode.swift; path = TFYSwiftFiveViewController.swift; sourceTree = "<group>"; };
		3D68BB1E2D5DF32700A244A7 /* TFYSwiftSexViewController.swift */ = {isa = PBXFileReference; lastKnownFileType = sourcecode.swift; path = TFYSwiftSexViewController.swift; sourceTree = "<group>"; };
		3D68BB202D5DF35600A244A7 /* TFYSwiftSevenViewController.swift */ = {isa = PBXFileReference; lastKnownFileType = sourcecode.swift; path = TFYSwiftSevenViewController.swift; sourceTree = "<group>"; };
		3D68BB222D5DF36B00A244A7 /* TFYSwiftEightViewController.swift */ = {isa = PBXFileReference; lastKnownFileType = sourcecode.swift; path = TFYSwiftEightViewController.swift; sourceTree = "<group>"; };
		3D68BB242D5DF38400A244A7 /* TFYSwiftNineViewController.swift */ = {isa = PBXFileReference; lastKnownFileType = sourcecode.swift; path = TFYSwiftNineViewController.swift; sourceTree = "<group>"; };
		3D68BB262D5DF39E00A244A7 /* TFYSwiftTenViewController.swift */ = {isa = PBXFileReference; lastKnownFileType = sourcecode.swift; path = TFYSwiftTenViewController.swift; sourceTree = "<group>"; };
		3D68BB282D5DF44B00A244A7 /* TFYSwiftElevenViewController.swift */ = {isa = PBXFileReference; lastKnownFileType = sourcecode.swift; path = TFYSwiftElevenViewController.swift; sourceTree = "<group>"; };
		84CB84532E3C5443005B1152 /* TFYSwiftNavigationConfig.swift */ = {isa = PBXFileReference; lastKnownFileType = sourcecode.swift; path = TFYSwiftNavigationConfig.swift; sourceTree = "<group>"; };
/* End PBXFileReference section */

/* Begin PBXFrameworksBuildPhase section */
		365195BD264F8B5B00177C71 /* Frameworks */ = {
			isa = PBXFrameworksBuildPhase;
			buildActionMask = 2147483647;
			files = (
			);
			runOnlyForDeploymentPostprocessing = 0;
		};
/* End PBXFrameworksBuildPhase section */

/* Begin PBXGroup section */
		365195B7264F8B5B00177C71 = {
			isa = PBXGroup;
			children = (
				365195C2264F8B5B00177C71 /* TFYSwiftNavigationController */,
				365195C1264F8B5B00177C71 /* Products */,
			);
			sourceTree = "<group>";
		};
		365195C1264F8B5B00177C71 /* Products */ = {
			isa = PBXGroup;
			children = (
				365195C0264F8B5B00177C71 /* TFYSwiftNavigationController.app */,
			);
			name = Products;
			sourceTree = "<group>";
		};
		365195C2264F8B5B00177C71 /* TFYSwiftNavigationController */ = {
			isa = PBXGroup;
			children = (
				36519608264F8BAB00177C71 /* AppDelegate */,
				36519602264F8BAB00177C71 /* Class */,
				365195F3264F8BAB00177C71 /* TFYSwiftNavigationKit */,
				365195CC264F8B5C00177C71 /* Assets.xcassets */,
				365195CE264F8B5C00177C71 /* LaunchScreen.storyboard */,
				365195D1264F8B5C00177C71 /* Info.plist */,
			);
			path = TFYSwiftNavigationController;
			sourceTree = "<group>";
		};
		365195F3264F8BAB00177C71 /* TFYSwiftNavigationKit */ = {
			isa = PBXGroup;
			children = (
				84CB84532E3C5443005B1152 /* TFYSwiftNavigationConfig.swift */,
				3666A58F28221BF50054F22E /* TFYSwiftNavigationController.swift */,
				3D68BB182D5DE9A100A244A7 /* TFYSwiftNavigationBar.swift */,
				3D68BB1A2D5DEA7C00A244A7 /* TFYSwiftUIViewController.swift */,
			);
			path = TFYSwiftNavigationKit;
			sourceTree = "<group>";
		};
		36519602264F8BAB00177C71 /* Class */ = {
			isa = PBXGroup;
			children = (
				3D68BAE02D5DB60300A244A7 /* TFYSwiftTaBbarController.swift */,
				3D68BAE22D5DB62600A244A7 /* TFYSwiftOneViewController.swift */,
				3D68BAE42D5DB63300A244A7 /* TFYSwiftTwoViewController.swift */,
				3D68BAE62D5DB64800A244A7 /* TFYSwiftTherrViewController.swift */,
				3D68BAE82D5DCB2F00A244A7 /* TFYSwiftFourViewController.swift */,
				3D68BB1C2D5DF31900A244A7 /* TFYSwiftFiveViewController.swift */,
				3D68BB1E2D5DF32700A244A7 /* TFYSwiftSexViewController.swift */,
				3D68BB202D5DF35600A244A7 /* TFYSwiftSevenViewController.swift */,
				3D68BB222D5DF36B00A244A7 /* TFYSwiftEightViewController.swift */,
				3D68BB242D5DF38400A244A7 /* TFYSwiftNineViewController.swift */,
				3D68BB262D5DF39E00A244A7 /* TFYSwiftTenViewController.swift */,
				3D68BB282D5DF44B00A244A7 /* TFYSwiftElevenViewController.swift */,
			);
			path = Class;
			sourceTree = "<group>";
		};
		36519608264F8BAB00177C71 /* AppDelegate */ = {
			isa = PBXGroup;
			children = (
				36519609264F8BAB00177C71 /* AppDelegate.swift */,
				3651960A264F8BAB00177C71 /* SceneDelegate.swift */,
			);
			path = AppDelegate;
			sourceTree = "<group>";
		};
/* End PBXGroup section */

/* Begin PBXNativeTarget section */
		365195BF264F8B5B00177C71 /* TFYSwiftNavigationController */ = {
			isa = PBXNativeTarget;
			buildConfigurationList = 365195EA264F8B5C00177C71 /* Build configuration list for PBXNativeTarget "TFYSwiftNavigationController" */;
			buildPhases = (
				365195BC264F8B5B00177C71 /* Sources */,
				365195BD264F8B5B00177C71 /* Frameworks */,
				365195BE264F8B5B00177C71 /* Resources */,
			);
			buildRules = (
			);
			dependencies = (
			);
			name = TFYSwiftNavigationController;
			productName = TFYSwiftNavigationController;
			productReference = 365195C0264F8B5B00177C71 /* TFYSwiftNavigationController.app */;
			productType = "com.apple.product-type.application";
		};
/* End PBXNativeTarget section */

/* Begin PBXProject section */
		365195B8264F8B5B00177C71 /* Project object */ = {
			isa = PBXProject;
			attributes = {
				BuildIndependentTargetsInParallel = YES;
				LastSwiftUpdateCheck = 1250;
				LastUpgradeCheck = 1640;
				TargetAttributes = {
					365195BF264F8B5B00177C71 = {
						CreatedOnToolsVersion = 12.5;
					};
				};
			};
			buildConfigurationList = 365195BB264F8B5B00177C71 /* Build configuration list for PBXProject "TFYSwiftNavigationController" */;
			compatibilityVersion = "Xcode 9.3";
			developmentRegion = en;
			hasScannedForEncodings = 0;
			knownRegions = (
				en,
				Base,
			);
			mainGroup = 365195B7264F8B5B00177C71;
			productRefGroup = 365195C1264F8B5B00177C71 /* Products */;
			projectDirPath = "";
			projectRoot = "";
			targets = (
				365195BF264F8B5B00177C71 /* TFYSwiftNavigationController */,
			);
		};
/* End PBXProject section */

/* Begin PBXResourcesBuildPhase section */
		365195BE264F8B5B00177C71 /* Resources */ = {
			isa = PBXResourcesBuildPhase;
			buildActionMask = 2147483647;
			files = (
				365195D0264F8B5C00177C71 /* LaunchScreen.storyboard in Resources */,
				365195CD264F8B5C00177C71 /* Assets.xcassets in Resources */,
			);
			runOnlyForDeploymentPostprocessing = 0;
		};
/* End PBXResourcesBuildPhase section */

/* Begin PBXSourcesBuildPhase section */
		365195BC264F8B5B00177C71 /* Sources */ = {
			isa = PBXSourcesBuildPhase;
			buildActionMask = 2147483647;
			files = (
				3D68BB272D5DF39E00A244A7 /* TFYSwiftTenViewController.swift in Sources */,
				3651961B264F8BAB00177C71 /* AppDelegate.swift in Sources */,
				3D68BB1F2D5DF32700A244A7 /* TFYSwiftSexViewController.swift in Sources */,
				3D68BAE72D5DB64800A244A7 /* TFYSwiftTherrViewController.swift in Sources */,
				3651961C264F8BAB00177C71 /* SceneDelegate.swift in Sources */,
				3D68BB212D5DF35600A244A7 /* TFYSwiftSevenViewController.swift in Sources */,
				3D68BB252D5DF38400A244A7 /* TFYSwiftNineViewController.swift in Sources */,
				3D68BAE52D5DB63300A244A7 /* TFYSwiftTwoViewController.swift in Sources */,
				3D68BB1B2D5DEA7C00A244A7 /* TFYSwiftUIViewController.swift in Sources */,
				3D68BB192D5DE9A100A244A7 /* TFYSwiftNavigationBar.swift in Sources */,
				3D68BB232D5DF36B00A244A7 /* TFYSwiftEightViewController.swift in Sources */,
				3D68BAE32D5DB62600A244A7 /* TFYSwiftOneViewController.swift in Sources */,
				3D68BB292D5DF44B00A244A7 /* TFYSwiftElevenViewController.swift in Sources */,
				84CB84542E3C5443005B1152 /* TFYSwiftNavigationConfig.swift in Sources */,
				3D68BB1D2D5DF31900A244A7 /* TFYSwiftFiveViewController.swift in Sources */,
				3D68BAE12D5DB60300A244A7 /* TFYSwiftTaBbarController.swift in Sources */,
				3666A59028221BF50054F22E /* TFYSwiftNavigationController.swift in Sources */,
				3D68BAE92D5DCB2F00A244A7 /* TFYSwiftFourViewController.swift in Sources */,
			);
			runOnlyForDeploymentPostprocessing = 0;
		};
/* End PBXSourcesBuildPhase section */

/* Begin PBXVariantGroup section */
		365195CE264F8B5C00177C71 /* LaunchScreen.storyboard */ = {
			isa = PBXVariantGroup;
			children = (
				365195CF264F8B5C00177C71 /* Base */,
			);
			name = LaunchScreen.storyboard;
			sourceTree = "<group>";
		};
/* End PBXVariantGroup section */

/* Begin XCBuildConfiguration section */
		365195E8264F8B5C00177C71 /* Debug */ = {
			isa = XCBuildConfiguration;
			buildSettings = {
				ALWAYS_SEARCH_USER_PATHS = NO;
				ASSETCATALOG_COMPILER_GENERATE_SWIFT_ASSET_SYMBOL_EXTENSIONS = YES;
				CLANG_ANALYZER_NONNULL = YES;
				CLANG_ANALYZER_NUMBER_OBJECT_CONVERSION = YES_AGGRESSIVE;
				CLANG_CXX_LANGUAGE_STANDARD = "gnu++14";
				CLANG_CXX_LIBRARY = "libc++";
				CLANG_ENABLE_MODULES = YES;
				CLANG_ENABLE_OBJC_ARC = YES;
				CLANG_ENABLE_OBJC_WEAK = YES;
				CLANG_WARN_BLOCK_CAPTURE_AUTORELEASING = YES;
				CLANG_WARN_BOOL_CONVERSION = YES;
				CLANG_WARN_COMMA = YES;
				CLANG_WARN_CONSTANT_CONVERSION = YES;
				CLANG_WARN_DEPRECATED_OBJC_IMPLEMENTATIONS = YES;
				CLANG_WARN_DIRECT_OBJC_ISA_USAGE = YES_ERROR;
				CLANG_WARN_DOCUMENTATION_COMMENTS = YES;
				CLANG_WARN_EMPTY_BODY = YES;
				CLANG_WARN_ENUM_CONVERSION = YES;
				CLANG_WARN_INFINITE_RECURSION = YES;
				CLANG_WARN_INT_CONVERSION = YES;
				CLANG_WARN_NON_LITERAL_NULL_CONVERSION = YES;
				CLANG_WARN_OBJC_IMPLICIT_RETAIN_SELF = YES;
				CLANG_WARN_OBJC_LITERAL_CONVERSION = YES;
				CLANG_WARN_OBJC_ROOT_CLASS = YES_ERROR;
				CLANG_WARN_QUOTED_INCLUDE_IN_FRAMEWORK_HEADER = YES;
				CLANG_WARN_RANGE_LOOP_ANALYSIS = YES;
				CLANG_WARN_STRICT_PROTOTYPES = YES;
				CLANG_WARN_SUSPICIOUS_MOVE = YES;
				CLANG_WARN_UNGUARDED_AVAILABILITY = YES_AGGRESSIVE;
				CLANG_WARN_UNREACHABLE_CODE = YES;
				CLANG_WARN__DUPLICATE_METHOD_MATCH = YES;
				COPY_PHASE_STRIP = NO;
				DEBUG_INFORMATION_FORMAT = dwarf;
				DEVELOPMENT_TEAM = QH95759TSS;
				ENABLE_STRICT_OBJC_MSGSEND = YES;
				ENABLE_TESTABILITY = YES;
				ENABLE_USER_SCRIPT_SANDBOXING = YES;
				GCC_C_LANGUAGE_STANDARD = gnu11;
				GCC_DYNAMIC_NO_PIC = NO;
				GCC_NO_COMMON_BLOCKS = YES;
				GCC_OPTIMIZATION_LEVEL = 0;
				GCC_PREPROCESSOR_DEFINITIONS = (
					"DEBUG=1",
					"$(inherited)",
				);
				GCC_WARN_64_TO_32_BIT_CONVERSION = YES;
				GCC_WARN_ABOUT_RETURN_TYPE = YES_ERROR;
				GCC_WARN_UNDECLARED_SELECTOR = YES;
				GCC_WARN_UNINITIALIZED_AUTOS = YES_AGGRESSIVE;
				GCC_WARN_UNUSED_FUNCTION = YES;
				GCC_WARN_UNUSED_VARIABLE = YES;
				IPHONEOS_DEPLOYMENT_TARGET = 17.4;
				MTL_ENABLE_DEBUG_INFO = INCLUDE_SOURCE;
				MTL_FAST_MATH = YES;
				ONLY_ACTIVE_ARCH = YES;
				SDKROOT = iphoneos;
				SWIFT_ACTIVE_COMPILATION_CONDITIONS = DEBUG;
				SWIFT_OPTIMIZATION_LEVEL = "-Onone";
			};
			name = Debug;
		};
		365195E9264F8B5C00177C71 /* Release */ = {
			isa = XCBuildConfiguration;
			buildSettings = {
				ALWAYS_SEARCH_USER_PATHS = NO;
				ASSETCATALOG_COMPILER_GENERATE_SWIFT_ASSET_SYMBOL_EXTENSIONS = YES;
				CLANG_ANALYZER_NONNULL = YES;
				CLANG_ANALYZER_NUMBER_OBJECT_CONVERSION = YES_AGGRESSIVE;
				CLANG_CXX_LANGUAGE_STANDARD = "gnu++14";
				CLANG_CXX_LIBRARY = "libc++";
				CLANG_ENABLE_MODULES = YES;
				CLANG_ENABLE_OBJC_ARC = YES;
				CLANG_ENABLE_OBJC_WEAK = YES;
				CLANG_WARN_BLOCK_CAPTURE_AUTORELEASING = YES;
				CLANG_WARN_BOOL_CONVERSION = YES;
				CLANG_WARN_COMMA = YES;
				CLANG_WARN_CONSTANT_CONVERSION = YES;
				CLANG_WARN_DEPRECATED_OBJC_IMPLEMENTATIONS = YES;
				CLANG_WARN_DIRECT_OBJC_ISA_USAGE = YES_ERROR;
				CLANG_WARN_DOCUMENTATION_COMMENTS = YES;
				CLANG_WARN_EMPTY_BODY = YES;
				CLANG_WARN_ENUM_CONVERSION = YES;
				CLANG_WARN_INFINITE_RECURSION = YES;
				CLANG_WARN_INT_CONVERSION = YES;
				CLANG_WARN_NON_LITERAL_NULL_CONVERSION = YES;
				CLANG_WARN_OBJC_IMPLICIT_RETAIN_SELF = YES;
				CLANG_WARN_OBJC_LITERAL_CONVERSION = YES;
				CLANG_WARN_OBJC_ROOT_CLASS = YES_ERROR;
				CLANG_WARN_QUOTED_INCLUDE_IN_FRAMEWORK_HEADER = YES;
				CLANG_WARN_RANGE_LOOP_ANALYSIS = YES;
				CLANG_WARN_STRICT_PROTOTYPES = YES;
				CLANG_WARN_SUSPICIOUS_MOVE = YES;
				CLANG_WARN_UNGUARDED_AVAILABILITY = YES_AGGRESSIVE;
				CLANG_WARN_UNREACHABLE_CODE = YES;
				CLANG_WARN__DUPLICATE_METHOD_MATCH = YES;
				COPY_PHASE_STRIP = NO;
				DEBUG_INFORMATION_FORMAT = "dwarf-with-dsym";
				DEVELOPMENT_TEAM = QH95759TSS;
				ENABLE_NS_ASSERTIONS = NO;
				ENABLE_STRICT_OBJC_MSGSEND = YES;
				ENABLE_USER_SCRIPT_SANDBOXING = YES;
				GCC_C_LANGUAGE_STANDARD = gnu11;
				GCC_NO_COMMON_BLOCKS = YES;
				GCC_WARN_64_TO_32_BIT_CONVERSION = YES;
				GCC_WARN_ABOUT_RETURN_TYPE = YES_ERROR;
				GCC_WARN_UNDECLARED_SELECTOR = YES;
				GCC_WARN_UNINITIALIZED_AUTOS = YES_AGGRESSIVE;
				GCC_WARN_UNUSED_FUNCTION = YES;
				GCC_WARN_UNUSED_VARIABLE = YES;
				IPHONEOS_DEPLOYMENT_TARGET = 17.4;
				MTL_ENABLE_DEBUG_INFO = NO;
				MTL_FAST_MATH = YES;
				SDKROOT = iphoneos;
				SWIFT_COMPILATION_MODE = wholemodule;
				SWIFT_OPTIMIZATION_LEVEL = "-O";
				VALIDATE_PRODUCT = YES;
			};
			name = Release;
		};
		365195EB264F8B5C00177C71 /* Debug */ = {
			isa = XCBuildConfiguration;
			buildSettings = {
				ASSETCATALOG_COMPILER_APPICON_NAME = AppIcon;
				ASSETCATALOG_COMPILER_GLOBAL_ACCENT_COLOR_NAME = AccentColor;
				CODE_SIGN_STYLE = Automatic;
				ENABLE_USER_SCRIPT_SANDBOXING = NO;
				INFOPLIST_FILE = TFYSwiftNavigationController/Info.plist;
				IPHONEOS_DEPLOYMENT_TARGET = 15.0;
				LD_RUNPATH_SEARCH_PATHS = (
					"$(inherited)",
					"@executable_path/Frameworks",
				);
				PRODUCT_BUNDLE_IDENTIFIER = com.tfy.TFYSwiftNavigationController;
				PRODUCT_NAME = "$(TARGET_NAME)";
				SWIFT_VERSION = 5.0;
				TARGETED_DEVICE_FAMILY = "1,2";
			};
			name = Debug;
		};
		365195EC264F8B5C00177C71 /* Release */ = {
			isa = XCBuildConfiguration;
			buildSettings = {
				ASSETCATALOG_COMPILER_APPICON_NAME = AppIcon;
				ASSETCATALOG_COMPILER_GLOBAL_ACCENT_COLOR_NAME = AccentColor;
				CODE_SIGN_STYLE = Automatic;
				ENABLE_USER_SCRIPT_SANDBOXING = NO;
				INFOPLIST_FILE = TFYSwiftNavigationController/Info.plist;
				IPHONEOS_DEPLOYMENT_TARGET = 15.0;
				LD_RUNPATH_SEARCH_PATHS = (
					"$(inherited)",
					"@executable_path/Frameworks",
				);
				PRODUCT_BUNDLE_IDENTIFIER = com.tfy.TFYSwiftNavigationController;
				PRODUCT_NAME = "$(TARGET_NAME)";
				SWIFT_VERSION = 5.0;
				TARGETED_DEVICE_FAMILY = "1,2";
			};
			name = Release;
		};
/* End XCBuildConfiguration section */

/* Begin XCConfigurationList section */
		365195BB264F8B5B00177C71 /* Build configuration list for PBXProject "TFYSwiftNavigationController" */ = {
			isa = XCConfigurationList;
			buildConfigurations = (
				365195E8264F8B5C00177C71 /* Debug */,
				365195E9264F8B5C00177C71 /* Release */,
			);
			defaultConfigurationIsVisible = 0;
			defaultConfigurationName = Release;
		};
		365195EA264F8B5C00177C71 /* Build configuration list for PBXNativeTarget "TFYSwiftNavigationController" */ = {
			isa = XCConfigurationList;
			buildConfigurations = (
				365195EB264F8B5C00177C71 /* Debug */,
				365195EC264F8B5C00177C71 /* Release */,
			);
			defaultConfigurationIsVisible = 0;
			defaultConfigurationName = Release;
		};
/* End XCConfigurationList section */
	};
	rootObject = 365195B8264F8B5B00177C71 /* Project object */;
}
